Microsoft Visual Studio Solution File, Format Version 12.00
# Visual Studio 14
VisualStudioVersion = 14.0.25420.1
MinimumVisualStudioVersion = 10.0.40219.1
Project("{FAE04EC0-301F-11D3-BF4B-00C04F79EFBC}") = "SimpleConsole", "SimpleConsole\SimpleConsole.csproj", "{EB69C2A3-7824-49A5-9FFC-1A28A9B7AE55}"
EndProject
Project("{FAE04EC0-301F-11D3-BF4B-00C04F79EFBC}") = "Firebase.Storage", "..\..\src\Firebase.Storage\Firebase.Storage.csproj", "{FFA7D737-9AAA-41AF-8264-0F109C906A64}"
EndProject
Global
	GlobalSection(SolutionConfigurationPlatforms) = preSolution
		Debug|Any CPU = Debug|Any CPU
		Release|Any CPU = Release|Any CPU
	EndGlobalSection
	GlobalSection(ProjectConfigurationPlatforms) = postSolution
		{EB69C2A3-7824-49A5-9FFC-1A28A9B7AE55}.Debug|Any CPU.ActiveCfg = Debug|Any CPU
		{EB69C2A3-7824-49A5-9FFC-1A28A9B7AE55}.Debug|Any CPU.Build.0 = Debug|Any CPU
		{EB69C2A3-7824-49A5-9FFC-1A28A9B7AE55}.Release|Any CPU.ActiveCfg = Release|Any CPU
		{EB69C2A3-7824-49A5-9FFC-1A28A9B7AE55}.Release|Any CPU.Build.0 = Release|Any CPU
		{FFA7D737-9AAA-41AF-8264-0F109C906A64}.Debug|Any CPU.ActiveCfg = Debug|Any CPU
		{FFA7D737-9AAA-41AF-8264-0F109C906A64}.Debug|Any CPU.Build.0 = Debug|Any CPU
		{FFA7D737-9AAA-41AF-8264-0F109C906A64}.Release|Any CPU.ActiveCfg = Release|Any CPU
		{FFA7D737-9AAA-41AF-8264-0F109C906A64}.Release|Any CPU.Build.0 = Release|Any CPU
	EndGlobalSection
	GlobalSection(SolutionProperties) = preSolution
		HideSolutionNode = FALSE
	EndGlobalSection
EndGlobal
